
Microsoft Visual Studio Solution File, Format Version 12.00
# Visual Studio Version 16
VisualStudioVersion = 16.0.29215.179
MinimumVisualStudioVersion = 10.0.40219.1
Project("{FAE04EC0-301F-11D3-BF4B-00C04F79EFBC}") = "visinergy", "visinergy\visinergy.csproj", "{DD278DFD-98C1-47DB-8E79-7A3BB1C69552}"
EndProject
Global
	GlobalSection(SolutionConfigurationPlatforms) = preSolution
		Debug|Any CPU = Debug|Any CPU
		Release|Any CPU = Release|Any CPU
	EndGlobalSection
	GlobalSection(ProjectConfigurationPlatforms) = postSolution
		{DD278DFD-98C1-47DB-8E79-7A3BB1C69552}.Debug|Any CPU.ActiveCfg = Debug|Any CPU
		{DD278DFD-98C1-47DB-8E79-7A3BB1C69552}.Debug|Any CPU.Build.0 = Debug|Any CPU
		{DD278DFD-98C1-47DB-8E79-7A3BB1C69552}.Release|Any CPU.ActiveCfg = Release|Any CPU
		{DD278DFD-98C1-47DB-8E79-7A3BB1C69552}.Release|Any CPU.Build.0 = Release|Any CPU
	EndGlobalSection
	GlobalSection(SolutionProperties) = preSolution
		HideSolutionNode = FALSE
	EndGlobalSection
	GlobalSection(ExtensibilityGlobals) = postSolution
		SolutionGuid = {A7841523-1DEB-4AC1-B1A4-798B8EC6393C}
	EndGlobalSection
EndGlobal
